
Microsoft Visual Studio Solution File, Format Version 12.00
# Visual Studio Version 17
VisualStudioVersion = 17.9.34728.123
MinimumVisualStudioVersion = 10.0.40219.1
Project("{FAE04EC0-301F-11D3-BF4B-00C04F79EFBC}") = "FigureMath", "FigureMath\FigureMath.csproj", "{8047B83A-CCA4-478F-A30B-73E1B784F6F3}"
EndProject
Project("{FAE04EC0-301F-11D3-BF4B-00C04F79EFBC}") = "FigureMathTest", "FigureMathTest\FigureMathTest.csproj", "{FBA027D2-0C4D-4617-A94A-8AA9F7FC03BB}"
EndProject
Global
	GlobalSection(SolutionConfigurationPlatforms) = preSolution
		Debug|Any CPU = Debug|Any CPU
		Release|Any CPU = Release|Any CPU
	EndGlobalSection
	GlobalSection(ProjectConfigurationPlatforms) = postSolution
		{8047B83A-CCA4-478F-A30B-73E1B784F6F3}.Debug|Any CPU.ActiveCfg = Debug|Any CPU
		{8047B83A-CCA4-478F-A30B-73E1B784F6F3}.Debug|Any CPU.Build.0 = Debug|Any CPU
		{8047B83A-CCA4-478F-A30B-73E1B784F6F3}.Release|Any CPU.ActiveCfg = Release|Any CPU
		{8047B83A-CCA4-478F-A30B-73E1B784F6F3}.Release|Any CPU.Build.0 = Release|Any CPU
		{FBA027D2-0C4D-4617-A94A-8AA9F7FC03BB}.Debug|Any CPU.ActiveCfg = Debug|Any CPU
		{FBA027D2-0C4D-4617-A94A-8AA9F7FC03BB}.Debug|Any CPU.Build.0 = Debug|Any CPU
		{FBA027D2-0C4D-4617-A94A-8AA9F7FC03BB}.Release|Any CPU.ActiveCfg = Release|Any CPU
		{FBA027D2-0C4D-4617-A94A-8AA9F7FC03BB}.Release|Any CPU.Build.0 = Release|Any CPU
	EndGlobalSection
	GlobalSection(SolutionProperties) = preSolution
		HideSolutionNode = FALSE
	EndGlobalSection
	GlobalSection(ExtensibilityGlobals) = postSolution
		SolutionGuid = {941BE889-A52F-4731-8CA9-1C6B4F6166A0}
	EndGlobalSection
EndGlobal
